
Microsoft Visual Studio Solution File, Format Version 12.00
# Visual Studio Version 16
VisualStudioVersion = 16.0.30804.86
MinimumVisualStudioVersion = 10.0.40219.1
Project("{FAE04EC0-301F-11D3-BF4B-00C04F79EFBC}") = "CourseWork", "CourseWork\CourseWork.csproj", "{5F85FA3C-0707-42A8-834B-4E9933B35257}"
EndProject
Global
	GlobalSection(SolutionConfigurationPlatforms) = preSolution
		Debug|Any CPU = Debug|Any CPU
		Release|Any CPU = Release|Any CPU
	EndGlobalSection
	GlobalSection(ProjectConfigurationPlatforms) = postSolution
		{5F85FA3C-0707-42A8-834B-4E9933B35257}.Debug|Any CPU.ActiveCfg = Debug|Any CPU
		{5F85FA3C-0707-42A8-834B-4E9933B35257}.Debug|Any CPU.Build.0 = Debug|Any CPU
		{5F85FA3C-0707-42A8-834B-4E9933B35257}.Release|Any CPU.ActiveCfg = Release|Any CPU
		{5F85FA3C-0707-42A8-834B-4E9933B35257}.Release|Any CPU.Build.0 = Release|Any CPU
	EndGlobalSection
	GlobalSection(SolutionProperties) = preSolution
		HideSolutionNode = FALSE
	EndGlobalSection
	GlobalSection(ExtensibilityGlobals) = postSolution
		SolutionGuid = {E13C8F2F-A5FB-4934-AA07-EA157A74F983}
	EndGlobalSection
EndGlobal
